
Microsoft Visual Studio Solution File, Format Version 12.00
# Visual Studio Version 16
VisualStudioVersion = 16.0.29215.179
MinimumVisualStudioVersion = 10.0.40219.1
Project("{9A19103F-16F7-4668-BE54-9A1E7A4F7556}") = "Phoesion.MsgPack", "src\MessagePack\Phoesion.MsgPack.csproj", "{94ED26CC-906E-42FF-87FD-C43430F2D773}"
EndProject
Project("{9A19103F-16F7-4668-BE54-9A1E7A4F7556}") = "MessagePack.Generator", "src\MessagePack.Generator\MessagePack.Generator.csproj", "{D8949662-2A0D-499B-A410-9B755E836627}"
EndProject
Project("{9A19103F-16F7-4668-BE54-9A1E7A4F7556}") = "MessagePack.GeneratorCore", "src\MessagePack.GeneratorCore\MessagePack.GeneratorCore.csproj", "{221A03EF-3F1F-463E-837E-43E42430C3D3}"
EndProject
Global
	GlobalSection(SolutionConfigurationPlatforms) = preSolution
		Debug|Any CPU = Debug|Any CPU
		Release|Any CPU = Release|Any CPU
	EndGlobalSection
	GlobalSection(ProjectConfigurationPlatforms) = postSolution
		{94ED26CC-906E-42FF-87FD-C43430F2D773}.Debug|Any CPU.ActiveCfg = Debug|Any CPU
		{94ED26CC-906E-42FF-87FD-C43430F2D773}.Debug|Any CPU.Build.0 = Debug|Any CPU
		{94ED26CC-906E-42FF-87FD-C43430F2D773}.Release|Any CPU.ActiveCfg = Release|Any CPU
		{94ED26CC-906E-42FF-87FD-C43430F2D773}.Release|Any CPU.Build.0 = Release|Any CPU
		{D8949662-2A0D-499B-A410-9B755E836627}.Debug|Any CPU.ActiveCfg = Debug|Any CPU
		{D8949662-2A0D-499B-A410-9B755E836627}.Debug|Any CPU.Build.0 = Debug|Any CPU
		{D8949662-2A0D-499B-A410-9B755E836627}.Release|Any CPU.ActiveCfg = Release|Any CPU
		{D8949662-2A0D-499B-A410-9B755E836627}.Release|Any CPU.Build.0 = Release|Any CPU
		{221A03EF-3F1F-463E-837E-43E42430C3D3}.Debug|Any CPU.ActiveCfg = Debug|Any CPU
		{221A03EF-3F1F-463E-837E-43E42430C3D3}.Debug|Any CPU.Build.0 = Debug|Any CPU
		{221A03EF-3F1F-463E-837E-43E42430C3D3}.Release|Any CPU.ActiveCfg = Release|Any CPU
		{221A03EF-3F1F-463E-837E-43E42430C3D3}.Release|Any CPU.Build.0 = Release|Any CPU
	EndGlobalSection
	GlobalSection(SolutionProperties) = preSolution
		HideSolutionNode = FALSE
	EndGlobalSection
	GlobalSection(ExtensibilityGlobals) = postSolution
		SolutionGuid = {152B1E65-2397-4C41-AD88-A1D49678F40A}
	EndGlobalSection
EndGlobal
